PODS:
  - FlutterMacOS (1.0.0)
  - soundpool_macos (1.0.0):
    - FlutterMacOS

DEPENDENCIES:
  - FlutterMacOS (from `Flutter/ephemeral`)
  - soundpool_macos (from `Flutter/ephemeral/.symlinks/plugins/soundpool_macos/macos`)

EXTERNAL SOURCES:
  FlutterMacOS:
    :path: Flutter/ephemeral
  soundpool_macos:
    :path: Flutter/ephemeral/.symlinks/plugins/soundpool_macos/macos

SPEC CHECKSUMS:
  FlutterMacOS: d0db08ddef1a9af05a5ec4b724367152bb0500b1
  soundpool_macos: 1306455bbbe71b3998383608955788f3727b798e

PODFILE CHECKSUM: 54d867c82ac51cbd61b565781b9fada492027009

COCOAPODS: 1.16.2
